
Microsoft Visual Studio Solution File, Format Version 12.00
# Visual Studio 15
VisualStudioVersion = 15.0.28307.421
MinimumVisualStudioVersion = 10.0.40219.1
Project("{FAE04EC0-301F-11D3-BF4B-00C04F79EFBC}") = "ProtectedResourceAzureADB2C", "ProtectedResourceAzureADB2C\ProtectedResourceAzureADB2C.csproj", "{645D27B1-644B-4416-9E02-28E31D2F1BB2}"
EndProject
Global
	GlobalSection(SolutionConfigurationPlatforms) = preSolution
		Debug|Any CPU = Debug|Any CPU
		Release|Any CPU = Release|Any CPU
	EndGlobalSection
	GlobalSection(ProjectConfigurationPlatforms) = postSolution
		{645D27B1-644B-4416-9E02-28E31D2F1BB2}.Debug|Any CPU.ActiveCfg = Debug|Any CPU
		{645D27B1-644B-4416-9E02-28E31D2F1BB2}.Debug|Any CPU.Build.0 = Debug|Any CPU
		{645D27B1-644B-4416-9E02-28E31D2F1BB2}.Release|Any CPU.ActiveCfg = Release|Any CPU
		{645D27B1-644B-4416-9E02-28E31D2F1BB2}.Release|Any CPU.Build.0 = Release|Any CPU
	EndGlobalSection
	GlobalSection(SolutionProperties) = preSolution
		HideSolutionNode = FALSE
	EndGlobalSection
	GlobalSection(ExtensibilityGlobals) = postSolution
		SolutionGuid = {774F3733-82D5-4435-8F75-238AB1C81E4C}
	EndGlobalSection
EndGlobal
